
Microsoft Visual Studio Solution File, Format Version 12.00
# Visual Studio Version 16
VisualStudioVersion = 16.0.31229.75
MinimumVisualStudioVersion = 10.0.40219.1
Project("{2150E333-8FDC-42A3-9474-1A3956D46DE8}") = "src", "src", "{090E6F1E-9C3A-4FAE-BE11-E68056D43BF2}"
EndProject
Project("{2150E333-8FDC-42A3-9474-1A3956D46DE8}") = "Solution Items", "Solution Items", "{8DF4405B-D592-4323-A796-9F757B495C05}"
	ProjectSection(SolutionItems) = preProject
		ServiceUrls.txt = ServiceUrls.txt
	EndProjectSection
EndProject
Project("{2150E333-8FDC-42A3-9474-1A3956D46DE8}") = "ApiGateways", "ApiGateways", "{4C7C3B71-F572-4660-92A3-BD403A56BCE6}"
EndProject
Project("{2150E333-8FDC-42A3-9474-1A3956D46DE8}") = "BuildingBlocks", "BuildingBlocks", "{10650870-E7D4-4736-8C27-51C1FDDD4127}"
EndProject
Project("{2150E333-8FDC-42A3-9474-1A3956D46DE8}") = "Services", "Services", "{4D82B2D6-7E47-4A3B-851A-ABC6F8FBC9C7}"
EndProject
Project("{2150E333-8FDC-42A3-9474-1A3956D46DE8}") = "Clients", "Clients", "{D582B7D7-B7FA-453C-ACCD-9C6E779CFDEB}"
EndProject
Project("{2150E333-8FDC-42A3-9474-1A3956D46DE8}") = "WebApiGateway", "WebApiGateway", "{19B71D2A-1E28-4F1F-A552-1005815DEAF8}"
EndProject
Project("{FAE04EC0-301F-11D3-BF4B-00C04F79EFBC}") = "Web.ApiGateway", "src\ApiGateways\WebApiGateway\Web.ApiGateway\Web.ApiGateway.csproj", "{0DBF722A-A805-44A6-9103-D1DC59046C54}"
EndProject
Project("{2150E333-8FDC-42A3-9474-1A3956D46DE8}") = "EventBus", "EventBus", "{ECAFC345-5F70-489E-9E29-BFFCC6DBE928}"
EndProject
Project("{FAE04EC0-301F-11D3-BF4B-00C04F79EFBC}") = "EventBus.Base", "src\BuildingBlocks\EventBus\EventBus.Base\EventBus.Base.csproj", "{135D0ED8-7B12-4B0B-A01A-F6ACADCA625F}"
EndProject
Project("{FAE04EC0-301F-11D3-BF4B-00C04F79EFBC}") = "EventBus.Factory", "src\BuildingBlocks\EventBus\EventBus.Factory\EventBus.Factory.csproj", "{3479A99D-8C06-43DB-9371-2EAEA65C09D2}"
EndProject
Project("{FAE04EC0-301F-11D3-BF4B-00C04F79EFBC}") = "EventBus.AzureServiceBus", "src\BuildingBlocks\EventBus\EventBus.AzureServiceBus\EventBus.AzureServiceBus.csproj", "{17CBC74C-3DFE-4AF4-AEF0-99A8F1568D65}"
EndProject
Project("{FAE04EC0-301F-11D3-BF4B-00C04F79EFBC}") = "EventBus.RabbitMQ", "src\BuildingBlocks\EventBus\EventBus.RabbitMQ\EventBus.RabbitMQ.csproj", "{C8EDD0D0-1C6E-4545-8503-5A74EF8967AE}"
EndProject
Project("{2150E333-8FDC-42A3-9474-1A3956D46DE8}") = "BlazorWebApp", "BlazorWebApp", "{A76337F2-B98D-44DC-988A-1CBADD351CE5}"
EndProject
Project("{FAE04EC0-301F-11D3-BF4B-00C04F79EFBC}") = "WebApp", "src\Clients\BlazorWebApp\WebApp\WebApp.csproj", "{394A9CC3-E8CB-4823-817B-2EBD1567EF23}"
EndProject
Project("{2150E333-8FDC-42A3-9474-1A3956D46DE8}") = "BasketService", "BasketService", "{6FA4C36F-CE35-4DFD-BDA8-F6A39B691E24}"
EndProject
Project("{FAE04EC0-301F-11D3-BF4B-00C04F79EFBC}") = "BasketService.Api", "src\Services\BasketService\BasketService.Api\BasketService.Api.csproj", "{483F6907-55F8-45CD-978C-33D7EE2DD51E}"
EndProject
Project("{2150E333-8FDC-42A3-9474-1A3956D46DE8}") = "CatalogService", "CatalogService", "{E37925D5-405E-480B-8FAE-C5D3C0DAC977}"
EndProject
Project("{FAE04EC0-301F-11D3-BF4B-00C04F79EFBC}") = "CatalogService.Api", "src\Services\CatalogService\CatalogService.Api\CatalogService.Api.csproj", "{8CEEE554-0931-40F3-95B7-F0BDF61CBF7C}"
EndProject
Project("{2150E333-8FDC-42A3-9474-1A3956D46DE8}") = "IdentityService", "IdentityService", "{02945185-368D-4EAB-B913-C15EBF98B41A}"
EndProject
Project("{FAE04EC0-301F-11D3-BF4B-00C04F79EFBC}") = "IdentityService.Api", "src\Services\IdentityService\IdentityService.Api\IdentityService.Api.csproj", "{27AA333A-AB27-477B-BB75-A963784AC69A}"
EndProject
Project("{2150E333-8FDC-42A3-9474-1A3956D46DE8}") = "NotificationService", "NotificationService", "{3C34A188-C64A-4069-99B8-7E421A609DF7}"
EndProject
Project("{FAE04EC0-301F-11D3-BF4B-00C04F79EFBC}") = "NotificationService", "src\Services\NotificationService\NotificationService\NotificationService.csproj", "{C184BF82-C8C0-421B-B691-6CD2B23762C4}"
EndProject
Project("{2150E333-8FDC-42A3-9474-1A3956D46DE8}") = "OrderService", "OrderService", "{C931DB6D-D7CF-4278-AC7C-A9920C3D8EBC}"
EndProject
Project("{FAE04EC0-301F-11D3-BF4B-00C04F79EFBC}") = "OrderService.Domain", "src\Services\OrderService\OrderService.Domain\OrderService.Domain.csproj", "{D2F1A717-6699-41A3-B4D8-CF3DF2B2227B}"
EndProject
Project("{FAE04EC0-301F-11D3-BF4B-00C04F79EFBC}") = "OrderService.Application", "src\Services\OrderService\OrderService.Application\OrderService.Application.csproj", "{1086AF08-F799-492D-9C43-23EB494AE07F}"
EndProject
Project("{FAE04EC0-301F-11D3-BF4B-00C04F79EFBC}") = "OrderService.Infrastructure", "src\Services\OrderService\OrderService.Infrastructure\OrderService.Infrastructure.csproj", "{FE6E72D8-0A6C-453C-B164-2F06BE9A0B65}"
EndProject
Project("{FAE04EC0-301F-11D3-BF4B-00C04F79EFBC}") = "OrderService.Api", "src\Services\OrderService\OrderService.Api\OrderService.Api.csproj", "{183390A3-8E69-4AB3-B19B-C64D833255E5}"
EndProject
Project("{2150E333-8FDC-42A3-9474-1A3956D46DE8}") = "PaymentService", "PaymentService", "{B5CC1FB8-1F94-413D-92BE-231B30CAACC5}"
EndProject
Project("{FAE04EC0-301F-11D3-BF4B-00C04F79EFBC}") = "PaymentService.Api", "src\Services\PaymentService\PaymentService.Api\PaymentService.Api.csproj", "{FD846045-48D6-452E-9467-1E312F659402}"
EndProject
Global
	GlobalSection(SolutionConfigurationPlatforms) = preSolution
		Debug|Any CPU = Debug|Any CPU
		Release|Any CPU = Release|Any CPU
	EndGlobalSection
	GlobalSection(ProjectConfigurationPlatforms) = postSolution
		{0DBF722A-A805-44A6-9103-D1DC59046C54}.Debug|Any CPU.ActiveCfg = Debug|Any CPU
		{0DBF722A-A805-44A6-9103-D1DC59046C54}.Debug|Any CPU.Build.0 = Debug|Any CPU
		{0DBF722A-A805-44A6-9103-D1DC59046C54}.Release|Any CPU.ActiveCfg = Release|Any CPU
		{0DBF722A-A805-44A6-9103-D1DC59046C54}.Release|Any CPU.Build.0 = Release|Any CPU
		{135D0ED8-7B12-4B0B-A01A-F6ACADCA625F}.Debug|Any CPU.ActiveCfg = Debug|Any CPU
		{135D0ED8-7B12-4B0B-A01A-F6ACADCA625F}.Debug|Any CPU.Build.0 = Debug|Any CPU
		{135D0ED8-7B12-4B0B-A01A-F6ACADCA625F}.Release|Any CPU.ActiveCfg = Release|Any CPU
		{135D0ED8-7B12-4B0B-A01A-F6ACADCA625F}.Release|Any CPU.Build.0 = Release|Any CPU
		{3479A99D-8C06-43DB-9371-2EAEA65C09D2}.Debug|Any CPU.ActiveCfg = Debug|Any CPU
		{3479A99D-8C06-43DB-9371-2EAEA65C09D2}.Debug|Any CPU.Build.0 = Debug|Any CPU
		{3479A99D-8C06-43DB-9371-2EAEA65C09D2}.Release|Any CPU.ActiveCfg = Release|Any CPU
		{3479A99D-8C06-43DB-9371-2EAEA65C09D2}.Release|Any CPU.Build.0 = Release|Any CPU
		{17CBC74C-3DFE-4AF4-AEF0-99A8F1568D65}.Debug|Any CPU.ActiveCfg = Debug|Any CPU
		{17CBC74C-3DFE-4AF4-AEF0-99A8F1568D65}.Debug|Any CPU.Build.0 = Debug|Any CPU
		{17CBC74C-3DFE-4AF4-AEF0-99A8F1568D65}.Release|Any CPU.ActiveCfg = Release|Any CPU
		{17CBC74C-3DFE-4AF4-AEF0-99A8F1568D65}.Release|Any CPU.Build.0 = Release|Any CPU
		{C8EDD0D0-1C6E-4545-8503-5A74EF8967AE}.Debug|Any CPU.ActiveCfg = Debug|Any CPU
		{C8EDD0D0-1C6E-4545-8503-5A74EF8967AE}.Debug|Any CPU.Build.0 = Debug|Any CPU
		{C8EDD0D0-1C6E-4545-8503-5A74EF8967AE}.Release|Any CPU.ActiveCfg = Release|Any CPU
		{C8EDD0D0-1C6E-4545-8503-5A74EF8967AE}.Release|Any CPU.Build.0 = Release|Any CPU
		{394A9CC3-E8CB-4823-817B-2EBD1567EF23}.Debug|Any CPU.ActiveCfg = Debug|Any CPU
		{394A9CC3-E8CB-4823-817B-2EBD1567EF23}.Debug|Any CPU.Build.0 = Debug|Any CPU
		{394A9CC3-E8CB-4823-817B-2EBD1567EF23}.Release|Any CPU.ActiveCfg = Release|Any CPU
		{394A9CC3-E8CB-4823-817B-2EBD1567EF23}.Release|Any CPU.Build.0 = Release|Any CPU
		{483F6907-55F8-45CD-978C-33D7EE2DD51E}.Debug|Any CPU.ActiveCfg = Debug|Any CPU
		{483F6907-55F8-45CD-978C-33D7EE2DD51E}.Debug|Any CPU.Build.0 = Debug|Any CPU
		{483F6907-55F8-45CD-978C-33D7EE2DD51E}.Release|Any CPU.ActiveCfg = Release|Any CPU
		{483F6907-55F8-45CD-978C-33D7EE2DD51E}.Release|Any CPU.Build.0 = Release|Any CPU
		{8CEEE554-0931-40F3-95B7-F0BDF61CBF7C}.Debug|Any CPU.ActiveCfg = Debug|Any CPU
		{8CEEE554-0931-40F3-95B7-F0BDF61CBF7C}.Debug|Any CPU.Build.0 = Debug|Any CPU
		{8CEEE554-0931-40F3-95B7-F0BDF61CBF7C}.Release|Any CPU.ActiveCfg = Release|Any CPU
		{8CEEE554-0931-40F3-95B7-F0BDF61CBF7C}.Release|Any CPU.Build.0 = Release|Any CPU
		{27AA333A-AB27-477B-BB75-A963784AC69A}.Debug|Any CPU.ActiveCfg = Debug|Any CPU
		{27AA333A-AB27-477B-BB75-A963784AC69A}.Debug|Any CPU.Build.0 = Debug|Any CPU
		{27AA333A-AB27-477B-BB75-A963784AC69A}.Release|Any CPU.ActiveCfg = Release|Any CPU
		{27AA333A-AB27-477B-BB75-A963784AC69A}.Release|Any CPU.Build.0 = Release|Any CPU
		{C184BF82-C8C0-421B-B691-6CD2B23762C4}.Debug|Any CPU.ActiveCfg = Debug|Any CPU
		{C184BF82-C8C0-421B-B691-6CD2B23762C4}.Debug|Any CPU.Build.0 = Debug|Any CPU
		{C184BF82-C8C0-421B-B691-6CD2B23762C4}.Release|Any CPU.ActiveCfg = Release|Any CPU
		{C184BF82-C8C0-421B-B691-6CD2B23762C4}.Release|Any CPU.Build.0 = Release|Any CPU
		{D2F1A717-6699-41A3-B4D8-CF3DF2B2227B}.Debug|Any CPU.ActiveCfg = Debug|Any CPU
		{D2F1A717-6699-41A3-B4D8-CF3DF2B2227B}.Debug|Any CPU.Build.0 = Debug|Any CPU
		{D2F1A717-6699-41A3-B4D8-CF3DF2B2227B}.Release|Any CPU.ActiveCfg = Release|Any CPU
		{D2F1A717-6699-41A3-B4D8-CF3DF2B2227B}.Release|Any CPU.Build.0 = Release|Any CPU
		{1086AF08-F799-492D-9C43-23EB494AE07F}.Debug|Any CPU.ActiveCfg = Debug|Any CPU
		{1086AF08-F799-492D-9C43-23EB494AE07F}.Debug|Any CPU.Build.0 = Debug|Any CPU
		{1086AF08-F799-492D-9C43-23EB494AE07F}.Release|Any CPU.ActiveCfg = Release|Any CPU
		{1086AF08-F799-492D-9C43-23EB494AE07F}.Release|Any CPU.Build.0 = Release|Any CPU
		{FE6E72D8-0A6C-453C-B164-2F06BE9A0B65}.Debug|Any CPU.ActiveCfg = Debug|Any CPU
		{FE6E72D8-0A6C-453C-B164-2F06BE9A0B65}.Debug|Any CPU.Build.0 = Debug|Any CPU
		{FE6E72D8-0A6C-453C-B164-2F06BE9A0B65}.Release|Any CPU.ActiveCfg = Release|Any CPU
		{FE6E72D8-0A6C-453C-B164-2F06BE9A0B65}.Release|Any CPU.Build.0 = Release|Any CPU
		{183390A3-8E69-4AB3-B19B-C64D833255E5}.Debug|Any CPU.ActiveCfg = Debug|Any CPU
		{183390A3-8E69-4AB3-B19B-C64D833255E5}.Debug|Any CPU.Build.0 = Debug|Any CPU
		{183390A3-8E69-4AB3-B19B-C64D833255E5}.Release|Any CPU.ActiveCfg = Release|Any CPU
		{183390A3-8E69-4AB3-B19B-C64D833255E5}.Release|Any CPU.Build.0 = Release|Any CPU
		{FD846045-48D6-452E-9467-1E312F659402}.Debug|Any CPU.ActiveCfg = Debug|Any CPU
		{FD846045-48D6-452E-9467-1E312F659402}.Debug|Any CPU.Build.0 = Debug|Any CPU
		{FD846045-48D6-452E-9467-1E312F659402}.Release|Any CPU.ActiveCfg = Release|Any CPU
		{FD846045-48D6-452E-9467-1E312F659402}.Release|Any CPU.Build.0 = Release|Any CPU
	EndGlobalSection
	GlobalSection(SolutionProperties) = preSolution
		HideSolutionNode = FALSE
	EndGlobalSection
	GlobalSection(NestedProjects) = preSolution
		{4C7C3B71-F572-4660-92A3-BD403A56BCE6} = {090E6F1E-9C3A-4FAE-BE11-E68056D43BF2}
		{10650870-E7D4-4736-8C27-51C1FDDD4127} = {090E6F1E-9C3A-4FAE-BE11-E68056D43BF2}
		{4D82B2D6-7E47-4A3B-851A-ABC6F8FBC9C7} = {090E6F1E-9C3A-4FAE-BE11-E68056D43BF2}
		{D582B7D7-B7FA-453C-ACCD-9C6E779CFDEB} = {090E6F1E-9C3A-4FAE-BE11-E68056D43BF2}
		{19B71D2A-1E28-4F1F-A552-1005815DEAF8} = {4C7C3B71-F572-4660-92A3-BD403A56BCE6}
		{0DBF722A-A805-44A6-9103-D1DC59046C54} = {19B71D2A-1E28-4F1F-A552-1005815DEAF8}
		{ECAFC345-5F70-489E-9E29-BFFCC6DBE928} = {10650870-E7D4-4736-8C27-51C1FDDD4127}
		{135D0ED8-7B12-4B0B-A01A-F6ACADCA625F} = {ECAFC345-5F70-489E-9E29-BFFCC6DBE928}
		{3479A99D-8C06-43DB-9371-2EAEA65C09D2} = {ECAFC345-5F70-489E-9E29-BFFCC6DBE928}
		{17CBC74C-3DFE-4AF4-AEF0-99A8F1568D65} = {ECAFC345-5F70-489E-9E29-BFFCC6DBE928}
		{C8EDD0D0-1C6E-4545-8503-5A74EF8967AE} = {ECAFC345-5F70-489E-9E29-BFFCC6DBE928}
		{A76337F2-B98D-44DC-988A-1CBADD351CE5} = {D582B7D7-B7FA-453C-ACCD-9C6E779CFDEB}
		{394A9CC3-E8CB-4823-817B-2EBD1567EF23} = {A76337F2-B98D-44DC-988A-1CBADD351CE5}
		{6FA4C36F-CE35-4DFD-BDA8-F6A39B691E24} = {4D82B2D6-7E47-4A3B-851A-ABC6F8FBC9C7}
		{483F6907-55F8-45CD-978C-33D7EE2DD51E} = {6FA4C36F-CE35-4DFD-BDA8-F6A39B691E24}
		{E37925D5-405E-480B-8FAE-C5D3C0DAC977} = {4D82B2D6-7E47-4A3B-851A-ABC6F8FBC9C7}
		{8CEEE554-0931-40F3-95B7-F0BDF61CBF7C} = {E37925D5-405E-480B-8FAE-C5D3C0DAC977}
		{02945185-368D-4EAB-B913-C15EBF98B41A} = {4D82B2D6-7E47-4A3B-851A-ABC6F8FBC9C7}
		{27AA333A-AB27-477B-BB75-A963784AC69A} = {02945185-368D-4EAB-B913-C15EBF98B41A}
		{3C34A188-C64A-4069-99B8-7E421A609DF7} = {4D82B2D6-7E47-4A3B-851A-ABC6F8FBC9C7}
		{C184BF82-C8C0-421B-B691-6CD2B23762C4} = {3C34A188-C64A-4069-99B8-7E421A609DF7}
		{C931DB6D-D7CF-4278-AC7C-A9920C3D8EBC} = {4D82B2D6-7E47-4A3B-851A-ABC6F8FBC9C7}
		{D2F1A717-6699-41A3-B4D8-CF3DF2B2227B} = {C931DB6D-D7CF-4278-AC7C-A9920C3D8EBC}
		{1086AF08-F799-492D-9C43-23EB494AE07F} = {C931DB6D-D7CF-4278-AC7C-A9920C3D8EBC}
		{FE6E72D8-0A6C-453C-B164-2F06BE9A0B65} = {C931DB6D-D7CF-4278-AC7C-A9920C3D8EBC}
		{183390A3-8E69-4AB3-B19B-C64D833255E5} = {C931DB6D-D7CF-4278-AC7C-A9920C3D8EBC}
		{B5CC1FB8-1F94-413D-92BE-231B30CAACC5} = {4D82B2D6-7E47-4A3B-851A-ABC6F8FBC9C7}
		{FD846045-48D6-452E-9467-1E312F659402} = {B5CC1FB8-1F94-413D-92BE-231B30CAACC5}
	EndGlobalSection
	GlobalSection(ExtensibilityGlobals) = postSolution
		SolutionGuid = {1EF4D554-F572-4A8F-B6C0-C7B55850B85D}
	EndGlobalSection
EndGlobal
